// !$*UTF8*$!
{
	archiveVersion = 1;
	classes = {
	};
	objectVersion = 46;
	objects = {

/* Begin PBXBuildFile section */
		6567F6051DB8FA2C0066261D /* main.m in Sources */ = {isa = PBXBuildFile; fileRef = 6567F6041DB8FA2C0066261D /* main.m */; };
		6567F6081DB8FA2C0066261D /* AppDelegate.m in Sources */ = {isa = PBXBuildFile; fileRef = 6567F6071DB8FA2C0066261D /* AppDelegate.m */; };
		6567F60B1DB8FA2C0066261D /* ViewController.m in Sources */ = {isa = PBXBuildFile; fileRef = 6567F60A1DB8FA2C0066261D /* ViewController.m */; };
		6567F60E1DB8FA2C0066261D /* Main.storyboard in Resources */ = {isa = PBXBuildFile; fileRef = 6567F60C1DB8FA2C0066261D /* Main.storyboard */; };
		6567F6101DB8FA2C0066261D /* Assets.xcassets in Resources */ = {isa = PBXBuildFile; fileRef = 6567F60F1DB8FA2C0066261D /* Assets.xcassets */; };
		6567F6131DB8FA2C0066261D /* LaunchScreen.storyboard in Resources */ = {isa = PBXBuildFile; fileRef = 6567F6111DB8FA2C0066261D /* LaunchScreen.storyboard */; };
		6567F6211DB8FA340066261D /* BLBubbleNode.m in Sources */ = {isa = PBXBuildFile; fileRef = 6567F61D1DB8FA340066261D /* BLBubbleNode.m */; };
		6567F6221DB8FA340066261D /* BLBubbleScene.m in Sources */ = {isa = PBXBuildFile; fileRef = 6567F61F1DB8FA340066261D /* BLBubbleScene.m */; };
/* End PBXBuildFile section */

/* Begin PBXFileReference section */
		6567F6001DB8FA2C0066261D /* Example.app */ = {isa = PBXFileReference; explicitFileType = wrapper.application; includeInIndex = 0; path = Example.app; sourceTree = BUILT_PRODUCTS_DIR; };
		6567F6041DB8FA2C0066261D /* main.m */ = {isa = PBXFileReference; lastKnownFileType = sourcecode.c.objc; path = main.m; sourceTree = "<group>"; };
		6567F6061DB8FA2C0066261D /* AppDelegate.h */ = {isa = PBXFileReference; lastKnownFileType = sourcecode.c.h; path = AppDelegate.h; sourceTree = "<group>"; };
		6567F6071DB8FA2C0066261D /* AppDelegate.m */ = {isa = PBXFileReference; lastKnownFileType = sourcecode.c.objc; path = AppDelegate.m; sourceTree = "<group>"; };
		6567F6091DB8FA2C0066261D /* ViewController.h */ = {isa = PBXFileReference; lastKnownFileType = sourcecode.c.h; path = ViewController.h; sourceTree = "<group>"; };
		6567F60A1DB8FA2C0066261D /* ViewController.m */ = {isa = PBXFileReference; lastKnownFileType = sourcecode.c.objc; path = ViewController.m; sourceTree = "<group>"; };
		6567F60D1DB8FA2C0066261D /* Base */ = {isa = PBXFileReference; lastKnownFileType = file.storyboard; name = Base; path = Base.lproj/Main.storyboard; sourceTree = "<group>"; };
		6567F60F1DB8FA2C0066261D /* Assets.xcassets */ = {isa = PBXFileReference; lastKnownFileType = folder.assetcatalog; path = Assets.xcassets; sourceTree = "<group>"; };
		6567F6121DB8FA2C0066261D /* Base */ = {isa = PBXFileReference; lastKnownFileType = file.storyboard; name = Base; path = Base.lproj/LaunchScreen.storyboard; sourceTree = "<group>"; };
		6567F6141DB8FA2C0066261D /* Info.plist */ = {isa = PBXFileReference; lastKnownFileType = text.plist.xml; path = Info.plist; sourceTree = "<group>"; };
		6567F61B1DB8FA340066261D /* BLBubbleFilters.h */ = {isa = PBXFileReference; fileEncoding = 4; lastKnownFileType = sourcecode.c.h; path = BLBubbleFilters.h; sourceTree = "<group>"; };
		6567F61C1DB8FA340066261D /* BLBubbleNode.h */ = {isa = PBXFileReference; fileEncoding = 4; lastKnownFileType = sourcecode.c.h; path = BLBubbleNode.h; sourceTree = "<group>"; };
		6567F61D1DB8FA340066261D /* BLBubbleNode.m */ = {isa = PBXFileReference; fileEncoding = 4; lastKnownFileType = sourcecode.c.objc; path = BLBubbleNode.m; sourceTree = "<group>"; };
		6567F61E1DB8FA340066261D /* BLBubbleScene.h */ = {isa = PBXFileReference; fileEncoding = 4; lastKnownFileType = sourcecode.c.h; path = BLBubbleScene.h; sourceTree = "<group>"; };
		6567F61F1DB8FA340066261D /* BLBubbleScene.m */ = {isa = PBXFileReference; fileEncoding = 4; lastKnownFileType = sourcecode.c.objc; path = BLBubbleScene.m; sourceTree = "<group>"; };
		6567F6201DB8FA340066261D /* BLConsts.h */ = {isa = PBXFileReference; fileEncoding = 4; lastKnownFileType = sourcecode.c.h; path = BLConsts.h; sourceTree = "<group>"; };
		6567F6231DB8FA950066261D /* README.md */ = {isa = PBXFileReference; lastKnownFileType = net.daringfireball.markdown; name = README.md; path = ../README.md; sourceTree = "<group>"; };
/* End PBXFileReference section */

/* Begin PBXFrameworksBuildPhase section */
		6567F5FD1DB8FA2C0066261D /* Frameworks */ = {
			isa = PBXFrameworksBuildPhase;
			buildActionMask = 2147483647;
			files = (
			);
			runOnlyForDeploymentPostprocessing = 0;
		};
/* End PBXFrameworksBuildPhase section */

/* Begin PBXGroup section */
		6567F5F71DB8FA2C0066261D = {
			isa = PBXGroup;
			children = (
				6567F6231DB8FA950066261D /* README.md */,
				6567F61A1DB8FA340066261D /* Source */,
				6567F6021DB8FA2C0066261D /* Example */,
				6567F6011DB8FA2C0066261D /* Products */,
			);
			sourceTree = "<group>";
		};
		6567F6011DB8FA2C0066261D /* Products */ = {
			isa = PBXGroup;
			children = (
				6567F6001DB8FA2C0066261D /* Example.app */,
			);
			name = Products;
			sourceTree = "<group>";
		};
		6567F6021DB8FA2C0066261D /* Example */ = {
			isa = PBXGroup;
			children = (
				6567F6061DB8FA2C0066261D /* AppDelegate.h */,
				6567F6071DB8FA2C0066261D /* AppDelegate.m */,
				6567F6091DB8FA2C0066261D /* ViewController.h */,
				6567F60A1DB8FA2C0066261D /* ViewController.m */,
				6567F60C1DB8FA2C0066261D /* Main.storyboard */,
				6567F60F1DB8FA2C0066261D /* Assets.xcassets */,
				6567F6111DB8FA2C0066261D /* LaunchScreen.storyboard */,
				6567F6141DB8FA2C0066261D /* Info.plist */,
				6567F6031DB8FA2C0066261D /* Supporting Files */,
			);
			path = Example;
			sourceTree = "<group>";
		};
		6567F6031DB8FA2C0066261D /* Supporting Files */ = {
			isa = PBXGroup;
			children = (
				6567F6041DB8FA2C0066261D /* main.m */,
			);
			name = "Supporting Files";
			sourceTree = "<group>";
		};
		6567F61A1DB8FA340066261D /* Source */ = {
			isa = PBXGroup;
			children = (
				6567F61B1DB8FA340066261D /* BLBubbleFilters.h */,
				6567F61C1DB8FA340066261D /* BLBubbleNode.h */,
				6567F61D1DB8FA340066261D /* BLBubbleNode.m */,
				6567F61E1DB8FA340066261D /* BLBubbleScene.h */,
				6567F61F1DB8FA340066261D /* BLBubbleScene.m */,
				6567F6201DB8FA340066261D /* BLConsts.h */,
			);
			name = Source;
			path = ../Source;
			sourceTree = "<group>";
		};
/* End PBXGroup section */

/* Begin PBXNativeTarget section */
		6567F5FF1DB8FA2C0066261D /* Example */ = {
			isa = PBXNativeTarget;
			buildConfigurationList = 6567F6171DB8FA2C0066261D /* Build configuration list for PBXNativeTarget "Example" */;
			buildPhases = (
				6567F5FC1DB8FA2C0066261D /* Sources */,
				6567F5FD1DB8FA2C0066261D /* Frameworks */,
				6567F5FE1DB8FA2C0066261D /* Resources */,
			);
			buildRules = (
			);
			dependencies = (
			);
			name = Example;
			productName = Example;
			productReference = 6567F6001DB8FA2C0066261D /* Example.app */;
			productType = "com.apple.product-type.application";
		};
/* End PBXNativeTarget section */

/* Begin PBXProject section */
		6567F5F81DB8FA2C0066261D /* Project object */ = {
			isa = PBXProject;
			attributes = {
				LastUpgradeCheck = 0800;
				ORGANIZATIONNAME = "Bell App Lab";
				TargetAttributes = {
					6567F5FF1DB8FA2C0066261D = {
						CreatedOnToolsVersion = 8.0;
						ProvisioningStyle = Automatic;
					};
				};
			};
			buildConfigurationList = 6567F5FB1DB8FA2C0066261D /* Build configuration list for PBXProject "Example" */;
			compatibilityVersion = "Xcode 3.2";
			developmentRegion = English;
			hasScannedForEncodings = 0;
			knownRegions = (
				en,
				Base,
			);
			mainGroup = 6567F5F71DB8FA2C0066261D;
			productRefGroup = 6567F6011DB8FA2C0066261D /* Products */;
			projectDirPath = "";
			projectRoot = "";
			targets = (
				6567F5FF1DB8FA2C0066261D /* Example */,
			);
		};
/* End PBXProject section */

/* Begin PBXResourcesBuildPhase section */
		6567F5FE1DB8FA2C0066261D /* Resources */ = {
			isa = PBXResourcesBuildPhase;
			buildActionMask = 2147483647;
			files = (
				6567F6131DB8FA2C0066261D /* LaunchScreen.storyboard in Resources */,
				6567F6101DB8FA2C0066261D /* Assets.xcassets in Resources */,
				6567F60E1DB8FA2C0066261D /* Main.storyboard in Resources */,
			);
			runOnlyForDeploymentPostprocessing = 0;
		};
/* End PBXResourcesBuildPhase section */

/* Begin PBXSourcesBuildPhase section */
		6567F5FC1DB8FA2C0066261D /* Sources */ = {
			isa = PBXSourcesBuildPhase;
			buildActionMask = 2147483647;
			files = (
				6567F60B1DB8FA2C0066261D /* ViewController.m in Sources */,
				6567F6211DB8FA340066261D /* BLBubbleNode.m in Sources */,
				6567F6221DB8FA340066261D /* BLBubbleScene.m in Sources */,
				6567F6081DB8FA2C0066261D /* AppDelegate.m in Sources */,
				6567F6051DB8FA2C0066261D /* main.m in Sources */,
			);
			runOnlyForDeploymentPostprocessing = 0;
		};
/* End PBXSourcesBuildPhase section */

/* Begin PBXVariantGroup section */
		6567F60C1DB8FA2C0066261D /* Main.storyboard */ = {
			isa = PBXVariantGroup;
			children = (
				6567F60D1DB8FA2C0066261D /* Base */,
			);
			name = Main.storyboard;
			sourceTree = "<group>";
		};
		6567F6111DB8FA2C0066261D /* LaunchScreen.storyboard */ = {
			isa = PBXVariantGroup;
			children = (
				6567F6121DB8FA2C0066261D /* Base */,
			);
			name = LaunchScreen.storyboard;
			sourceTree = "<group>";
		};
/* End PBXVariantGroup section */

/* Begin XCBuildConfiguration section */
		6567F6151DB8FA2C0066261D /* Debug */ = {
			isa = XCBuildConfiguration;
			buildSettings = {
				ALWAYS_SEARCH_USER_PATHS = NO;
				CLANG_ANALYZER_NONNULL = YES;
				CLANG_CXX_LANGUAGE_STANDARD = "gnu++0x";
				CLANG_CXX_LIBRARY = "libc++";
				CLANG_ENABLE_MODULES = YES;
				CLANG_ENABLE_OBJC_ARC = YES;
				CLANG_WARN_BOOL_CONVERSION = YES;
				CLANG_WARN_CONSTANT_CONVERSION = YES;
				CLANG_WARN_DIRECT_OBJC_ISA_USAGE = YES_ERROR;
				CLANG_WARN_DOCUMENTATION_COMMENTS = YES;
				CLANG_WARN_EMPTY_BODY = YES;
				CLANG_WARN_ENUM_CONVERSION = YES;
				CLANG_WARN_INFINITE_RECURSION = YES;
				CLANG_WARN_INT_CONVERSION = YES;
				CLANG_WARN_OBJC_ROOT_CLASS = YES_ERROR;
				CLANG_WARN_SUSPICIOUS_MOVES = YES;
				CLANG_WARN_UNREACHABLE_CODE = YES;
				CLANG_WARN__DUPLICATE_METHOD_MATCH = YES;
				"CODE_SIGN_IDENTITY[sdk=iphoneos*]" = "iPhone Developer";
				COPY_PHASE_STRIP = NO;
				DEBUG_INFORMATION_FORMAT = dwarf;
				ENABLE_STRICT_OBJC_MSGSEND = YES;
				ENABLE_TESTABILITY = YES;
				GCC_C_LANGUAGE_STANDARD = gnu99;
				GCC_DYNAMIC_NO_PIC = NO;
				GCC_NO_COMMON_BLOCKS = YES;
				GCC_OPTIMIZATION_LEVEL = 0;
				GCC_PREPROCESSOR_DEFINITIONS = (
					"DEBUG=1",
					"$(inherited)",
				);
				GCC_WARN_64_TO_32_BIT_CONVERSION = YES;
				GCC_WARN_ABOUT_RETURN_TYPE = YES_ERROR;
				GCC_WARN_UNDECLARED_SELECTOR = YES;
				GCC_WARN_UNINITIALIZED_AUTOS = YES_AGGRESSIVE;
				GCC_WARN_UNUSED_FUNCTION = YES;
				GCC_WARN_UNUSED_VARIABLE = YES;
				IPHONEOS_DEPLOYMENT_TARGET = 10.0;
				MTL_ENABLE_DEBUG_INFO = YES;
				ONLY_ACTIVE_ARCH = YES;
				SDKROOT = iphoneos;
				TARGETED_DEVICE_FAMILY = "1,2";
			};
			name = Debug;
		};
		6567F6161DB8FA2C0066261D /* Release */ = {
			isa = XCBuildConfiguration;
			buildSettings = {
				ALWAYS_SEARCH_USER_PATHS = NO;
				CLANG_ANALYZER_NONNULL = YES;
				CLANG_CXX_LANGUAGE_STANDARD = "gnu++0x";
				CLANG_CXX_LIBRARY = "libc++";
				CLANG_ENABLE_MODULES = YES;
				CLANG_ENABLE_OBJC_ARC = YES;
				CLANG_WARN_BOOL_CONVERSION = YES;
				CLANG_WARN_CONSTANT_CONVERSION = YES;
				CLANG_WARN_DIRECT_OBJC_ISA_USAGE = YES_ERROR;
				CLANG_WARN_DOCUMENTATION_COMMENTS = YES;
				CLANG_WARN_EMPTY_BODY = YES;
				CLANG_WARN_ENUM_CONVERSION = YES;
				CLANG_WARN_INFINITE_RECURSION = YES;
				CLANG_WARN_INT_CONVERSION = YES;
				CLANG_WARN_OBJC_ROOT_CLASS = YES_ERROR;
				CLANG_WARN_SUSPICIOUS_MOVES = YES;
				CLANG_WARN_UNREACHABLE_CODE = YES;
				CLANG_WARN__DUPLICATE_METHOD_MATCH = YES;
				"CODE_SIGN_IDENTITY[sdk=iphoneos*]" = "iPhone Developer";
				COPY_PHASE_STRIP = NO;
				DEBUG_INFORMATION_FORMAT = "dwarf-with-dsym";
				ENABLE_NS_ASSERTIONS = NO;
				ENABLE_STRICT_OBJC_MSGSEND = YES;
				GCC_C_LANGUAGE_STANDARD = gnu99;
				GCC_NO_COMMON_BLOCKS = YES;
				GCC_WARN_64_TO_32_BIT_CONVERSION = YES;
				GCC_WARN_ABOUT_RETURN_TYPE = YES_ERROR;
				GCC_WARN_UNDECLARED_SELECTOR = YES;
				GCC_WARN_UNINITIALIZED_AUTOS = YES_AGGRESSIVE;
				GCC_WARN_UNUSED_FUNCTION = YES;
				GCC_WARN_UNUSED_VARIABLE = YES;
				IPHONEOS_DEPLOYMENT_TARGET = 10.0;
				MTL_ENABLE_DEBUG_INFO = NO;
				SDKROOT = iphoneos;
				TARGETED_DEVICE_FAMILY = "1,2";
				VALIDATE_PRODUCT = YES;
			};
			name = Release;
		};
		6567F6181DB8FA2C0066261D /* Debug */ = {
			isa = XCBuildConfiguration;
			buildSettings = {
				ASSETCATALOG_COMPILER_APPICON_NAME = AppIcon;
				INFOPLIST_FILE = Example/Info.plist;
				LD_RUNPATH_SEARCH_PATHS = "$(inherited) @executable_path/Frameworks";
				PRODUCT_BUNDLE_IDENTIFIER = com.bellapplab.Example;
				PRODUCT_NAME = "$(TARGET_NAME)";
			};
			name = Debug;
		};
		6567F6191DB8FA2C0066261D /* Release */ = {
			isa = XCBuildConfiguration;
			buildSettings = {
				ASSETCATALOG_COMPILER_APPICON_NAME = AppIcon;
				INFOPLIST_FILE = Example/Info.plist;
				LD_RUNPATH_SEARCH_PATHS = "$(inherited) @executable_path/Frameworks";
				PRODUCT_BUNDLE_IDENTIFIER = com.bellapplab.Example;
				PRODUCT_NAME = "$(TARGET_NAME)";
			};
			name = Release;
		};
/* End XCBuildConfiguration section */

/* Begin XCConfigurationList section */
		6567F5FB1DB8FA2C0066261D /* Build configuration list for PBXProject "Example" */ = {
			isa = XCConfigurationList;
			buildConfigurations = (
				6567F6151DB8FA2C0066261D /* Debug */,
				6567F6161DB8FA2C0066261D /* Release */,
			);
			defaultConfigurationIsVisible = 0;
			defaultConfigurationName = Release;
		};
		6567F6171DB8FA2C0066261D /* Build configuration list for PBXNativeTarget "Example" */ = {
			isa = XCConfigurationList;
			buildConfigurations = (
				6567F6181DB8FA2C0066261D /* Debug */,
				6567F6191DB8FA2C0066261D /* Release */,
			);
			defaultConfigurationIsVisible = 0;
		};
/* End XCConfigurationList section */
	};
	rootObject = 6567F5F81DB8FA2C0066261D /* Project object */;
}
